// !$*UTF8*$!
{
	archiveVersion = 1;
	classes = {
	};
	objectVersion = 46;
	objects = {

/* Begin PBXBuildFile section */
		067CF4D11B0BE69600F9E879 /* main.m in Sources */ = {isa = PBXBuildFile; fileRef = 067CF4D01B0BE69600F9E879 /* main.m */; };
		067CF4D41B0BE69600F9E879 /* AppDelegate.m in Sources */ = {isa = PBXBuildFile; fileRef = 067CF4D31B0BE69600F9E879 /* AppDelegate.m */; };
		067CF4D71B0BE69600F9E879 /* ViewController.m in Sources */ = {isa = PBXBuildFile; fileRef = 067CF4D61B0BE69600F9E879 /* ViewController.m */; };
		067CF4DA1B0BE69600F9E879 /* Main.storyboard in Resources */ = {isa = PBXBuildFile; fileRef = 067CF4D81B0BE69600F9E879 /* Main.storyboard */; };
		067CF4DC1B0BE69600F9E879 /* Images.xcassets in Resources */ = {isa = PBXBuildFile; fileRef = 067CF4DB1B0BE69600F9E879 /* Images.xcassets */; };
		067CF4DF1B0BE69600F9E879 /* LaunchScreen.xib in Resources */ = {isa = PBXBuildFile; fileRef = 067CF4DD1B0BE69600F9E879 /* LaunchScreen.xib */; };
		067CF4EB1B0BE69600F9E879 /* Park_PerksTests.m in Sources */ = {isa = PBXBuildFile; fileRef = 067CF4EA1B0BE69600F9E879 /* Park_PerksTests.m */; };
		9F3657021B16ADC900B4CA47 /* SkylersNotes.rtf in Resources */ = {isa = PBXBuildFile; fileRef = 9F3657011B16ADC900B4CA47 /* SkylersNotes.rtf */; };
		9F3657051B16B2C000B4CA47 /* MapsViewController.m in Sources */ = {isa = PBXBuildFile; fileRef = 9F3657041B16B2C000B4CA47 /* MapsViewController.m */; };
		9F3657081B16B60100B4CA47 /* ListViewController.m in Sources */ = {isa = PBXBuildFile; fileRef = 9F3657071B16B60100B4CA47 /* ListViewController.m */; };
		9F36570B1B16B9A200B4CA47 /* DetailViewController.m in Sources */ = {isa = PBXBuildFile; fileRef = 9F36570A1B16B9A200B4CA47 /* DetailViewController.m */; };
		9F36570E1B16BBE800B4CA47 /* AdsMarketing.m in Sources */ = {isa = PBXBuildFile; fileRef = 9F36570D1B16BBE800B4CA47 /* AdsMarketing.m */; };
		9F3657111B16C7E600B4CA47 /* PerkCategoryVController.m in Sources */ = {isa = PBXBuildFile; fileRef = 9F3657101B16C7E600B4CA47 /* PerkCategoryVController.m */; };
		A50CAA0A1B0E9D78002CF7B8 /* categoryLUTPFObject.m in Sources */ = {isa = PBXBuildFile; fileRef = A50CAA091B0E9D78002CF7B8 /* categoryLUTPFObject.m */; };
		A55BCD0A1B0BFF6C0005F233 /* Parse.framework in Frameworks */ = {isa = PBXBuildFile; fileRef = A55BCD091B0BFF6C0005F233 /* Parse.framework */; };
		A55BCD0E1B0BFF9D0005F233 /* ParseUI.framework in Frameworks */ = {isa = PBXBuildFile; fileRef = A55BCD0D1B0BFF9D0005F233 /* ParseUI.framework */; };
		A55BCD121B0BFFE10005F233 /* Bolts.framework in Frameworks */ = {isa = PBXBuildFile; fileRef = A55BCD0F1B0BFFE10005F233 /* Bolts.framework */; settings = {ATTRIBUTES = (Required, ); }; };
		A55BCD131B0BFFE10005F233 /* ParseCrashReporting.framework in Frameworks */ = {isa = PBXBuildFile; fileRef = A55BCD101B0BFFE10005F233 /* ParseCrashReporting.framework */; };
		A55BCD141B0BFFE10005F233 /* ParseFacebookUtils.framework in Frameworks */ = {isa = PBXBuildFile; fileRef = A55BCD111B0BFFE10005F233 /* ParseFacebookUtils.framework */; };
		A55BCD1D1B0C001F0005F233 /* Accounts.framework in Frameworks */ = {isa = PBXBuildFile; fileRef = A55BCD151B0C001F0005F233 /* Accounts.framework */; };
		A55BCD1E1B0C001F0005F233 /* AdSupport.framework in Frameworks */ = {isa = PBXBuildFile; fileRef = A55BCD161B0C001F0005F233 /* AdSupport.framework */; };
		A55BCD1F1B0C001F0005F233 /* AudioToolbox.framework in Frameworks */ = {isa = PBXBuildFile; fileRef = A55BCD171B0C001F0005F233 /* AudioToolbox.framework */; };
		A55BCD201B0C001F0005F233 /* CFNetwork.framework in Frameworks */ = {isa = PBXBuildFile; fileRef = A55BCD181B0C001F0005F233 /* CFNetwork.framework */; };
		A55BCD211B0C001F0005F233 /* CoreGraphics.framework in Frameworks */ = {isa = PBXBuildFile; fileRef = A55BCD191B0C001F0005F233 /* CoreGraphics.framework */; };
		A55BCD221B0C001F0005F233 /* CoreLocation.framework in Frameworks */ = {isa = PBXBuildFile; fileRef = A55BCD1A1B0C001F0005F233 /* CoreLocation.framework */; };
		A55BCD231B0C001F0005F233 /* Foundation.framework in Frameworks */ = {isa = PBXBuildFile; fileRef = A55BCD1B1B0C001F0005F233 /* Foundation.framework */; };
		A55BCD241B0C001F0005F233 /* Social.framework in Frameworks */ = {isa = PBXBuildFile; fileRef = A55BCD1C1B0C001F0005F233 /* Social.framework */; };
		A55BCD261B0C002B0005F233 /* libsqlite3.dylib in Frameworks */ = {isa = PBXBuildFile; fileRef = A55BCD251B0C002B0005F233 /* libsqlite3.dylib */; };
		A55BCD281B0C003B0005F233 /* libz.1.1.3.dylib in Frameworks */ = {isa = PBXBuildFile; fileRef = A55BCD271B0C003B0005F233 /* libz.1.1.3.dylib */; };
		A55BCD2A1B0C00780005F233 /* libstdc++.6.dylib in Frameworks */ = {isa = PBXBuildFile; fileRef = A55BCD291B0C00780005F233 /* libstdc++.6.dylib */; };
		A55BCD2C1B0C00860005F233 /* MobileCoreServices.framework in Frameworks */ = {isa = PBXBuildFile; fileRef = A55BCD2B1B0C00860005F233 /* MobileCoreServices.framework */; };
		A55BCD2E1B0C008F0005F233 /* QuartzCore.framework in Frameworks */ = {isa = PBXBuildFile; fileRef = A55BCD2D1B0C008F0005F233 /* QuartzCore.framework */; };
		A55BCD301B0C009E0005F233 /* Security.framework in Frameworks */ = {isa = PBXBuildFile; fileRef = A55BCD2F1B0C009E0005F233 /* Security.framework */; };
		A55BCD321B0C00BB0005F233 /* StoreKit.framework in Frameworks */ = {isa = PBXBuildFile; fileRef = A55BCD311B0C00BB0005F233 /* StoreKit.framework */; };
		A55BCD341B0C00C60005F233 /* SystemConfiguration.framework in Frameworks */ = {isa = PBXBuildFile; fileRef = A55BCD331B0C00C60005F233 /* SystemConfiguration.framework */; };
		A55BCD361B0C00D10005F233 /* UIKit.framework in Frameworks */ = {isa = PBXBuildFile; fileRef = A55BCD351B0C00D10005F233 /* UIKit.framework */; };
		A55BCD371B0C00E30005F233 /* libsqlite3.0.dylib in Frameworks */ = {isa = PBXBuildFile; fileRef = A55BCD071B0BFF090005F233 /* libsqlite3.0.dylib */; };
		A56224991B0FFA7500C0C06E /* ParksWithPerksQuery.m in Sources */ = {isa = PBXBuildFile; fileRef = A56224981B0FFA7500C0C06E /* ParksWithPerksQuery.m */; };
		A57737A31B1520A800BAE61C /* murrayPark.gpx in Resources */ = {isa = PBXBuildFile; fileRef = A57737A21B1520A800BAE61C /* murrayPark.gpx */; };
		A591C2C71B0E330300AA92A0 /* Constants.m in Sources */ = {isa = PBXBuildFile; fileRef = A591C2C41B0E330300AA92A0 /* Constants.m */; };
		A591C2C81B0E330300AA92A0 /* ParkPFObject.m in Sources */ = {isa = PBXBuildFile; fileRef = A591C2C61B0E330300AA92A0 /* ParkPFObject.m */; };
		A591C2D51B0E5F2A00AA92A0 /* Foursquare2.m in Sources */ = {isa = PBXBuildFile; fileRef = A591C2CB1B0E5F2A00AA92A0 /* Foursquare2.m */; };
		A591C2D61B0E5F2A00AA92A0 /* FSKeychain.m in Sources */ = {isa = PBXBuildFile; fileRef = A591C2CD1B0E5F2A00AA92A0 /* FSKeychain.m */; };
		A591C2D71B0E5F2A00AA92A0 /* FSOAuthNoAppStore.m in Sources */ = {isa = PBXBuildFile; fileRef = A591C2CF1B0E5F2A00AA92A0 /* FSOAuthNoAppStore.m */; };
		A591C2D81B0E5F2A00AA92A0 /* FSOperation.m in Sources */ = {isa = PBXBuildFile; fileRef = A591C2D11B0E5F2A00AA92A0 /* FSOperation.m */; };
		A591C2D91B0E5F2A00AA92A0 /* FSWebLogin.m in Sources */ = {isa = PBXBuildFile; fileRef = A591C2D31B0E5F2A00AA92A0 /* FSWebLogin.m */; };
		A591C2DA1B0E5F2A00AA92A0 /* FSWebLogin.xib in Resources */ = {isa = PBXBuildFile; fileRef = A591C2D41B0E5F2A00AA92A0 /* FSWebLogin.xib */; };
		A591C2DD1B0E62BD00AA92A0 /* Park.m in Sources */ = {isa = PBXBuildFile; fileRef = A591C2DC1B0E62BD00AA92A0 /* Park.m */; };
		A59286851B14251100427921 /* CurrentLocation.m in Sources */ = {isa = PBXBuildFile; fileRef = A59286841B14251100427921 /* CurrentLocation.m */; };
		A5F104441B14B0C5002B1BA0 /* MapKit.framework in Frameworks */ = {isa = PBXBuildFile; fileRef = A5F104431B14B0C5002B1BA0 /* MapKit.framework */; };
/* End PBXBuildFile section */

/* Begin PBXContainerItemProxy section */
		067CF4E51B0BE69600F9E879 /* PBXContainerItemProxy */ = {
			isa = PBXContainerItemProxy;
			containerPortal = 067CF4C31B0BE69600F9E879 /* Project object */;
			proxyType = 1;
			remoteGlobalIDString = 067CF4CA1B0BE69600F9E879;
			remoteInfo = "Park Perks";
		};
/* End PBXContainerItemProxy section */

/* Begin PBXFileReference section */
		067CF4CB1B0BE69600F9E879 /* Park Perks.app */ = {isa = PBXFileReference; explicitFileType = wrapper.application; includeInIndex = 0; path = "Park Perks.app"; sourceTree = BUILT_PRODUCTS_DIR; };
		067CF4CF1B0BE69600F9E879 /* Info.plist */ = {isa = PBXFileReference; lastKnownFileType = text.plist.xml; path = Info.plist; sourceTree = "<group>"; };
		067CF4D01B0BE69600F9E879 /* main.m */ = {isa = PBXFileReference; lastKnownFileType = sourcecode.c.objc; path = main.m; sourceTree = "<group>"; };
		067CF4D21B0BE69600F9E879 /* AppDelegate.h */ = {isa = PBXFileReference; lastKnownFileType = sourcecode.c.h; path = AppDelegate.h; sourceTree = "<group>"; };
		067CF4D31B0BE69600F9E879 /* AppDelegate.m */ = {isa = PBXFileReference; lastKnownFileType = sourcecode.c.objc; path = AppDelegate.m; sourceTree = "<group>"; };
		067CF4D51B0BE69600F9E879 /* ViewController.h */ = {isa = PBXFileReference; lastKnownFileType = sourcecode.c.h; path = ViewController.h; sourceTree = "<group>"; };
		067CF4D61B0BE69600F9E879 /* ViewController.m */ = {isa = PBXFileReference; lastKnownFileType = sourcecode.c.objc; path = ViewController.m; sourceTree = "<group>"; };
		067CF4D91B0BE69600F9E879 /* Base */ = {isa = PBXFileReference; lastKnownFileType = file.storyboard; name = Base; path = Base.lproj/Main.storyboard; sourceTree = "<group>"; };
		067CF4DB1B0BE69600F9E879 /* Images.xcassets */ = {isa = PBXFileReference; lastKnownFileType = folder.assetcatalog; path = Images.xcassets; sourceTree = "<group>"; };
		067CF4DE1B0BE69600F9E879 /* Base */ = {isa = PBXFileReference; lastKnownFileType = file.xib; name = Base; path = Base.lproj/LaunchScreen.xib; sourceTree = "<group>"; };
		067CF4E41B0BE69600F9E879 /* Park PerksTests.xctest */ = {isa = PBXFileReference; explicitFileType = wrapper.cfbundle; includeInIndex = 0; path = "Park PerksTests.xctest"; sourceTree = BUILT_PRODUCTS_DIR; };
		067CF4E91B0BE69600F9E879 /* Info.plist */ = {isa = PBXFileReference; lastKnownFileType = text.plist.xml; path = Info.plist; sourceTree = "<group>"; };
		067CF4EA1B0BE69600F9E879 /* Park_PerksTests.m */ = {isa = PBXFileReference; lastKnownFileType = sourcecode.c.objc; path = Park_PerksTests.m; sourceTree = "<group>"; };
		9F3657011B16ADC900B4CA47 /* SkylersNotes.rtf */ = {isa = PBXFileReference; fileEncoding = 4; lastKnownFileType = text.rtf; path = SkylersNotes.rtf; sourceTree = "<group>"; };
		9F3657031B16B2C000B4CA47 /* MapsViewController.h */ = {isa = PBXFileReference; fileEncoding = 4; lastKnownFileType = sourcecode.c.h; path = MapsViewController.h; sourceTree = "<group>"; };
		9F3657041B16B2C000B4CA47 /* MapsViewController.m */ = {isa = PBXFileReference; fileEncoding = 4; lastKnownFileType = sourcecode.c.objc; path = MapsViewController.m; sourceTree = "<group>"; };
		9F3657061B16B60100B4CA47 /* ListViewController.h */ = {isa = PBXFileReference; fileEncoding = 4; lastKnownFileType = sourcecode.c.h; path = ListViewController.h; sourceTree = "<group>"; };
		9F3657071B16B60100B4CA47 /* ListViewController.m */ = {isa = PBXFileReference; fileEncoding = 4; lastKnownFileType = sourcecode.c.objc; path = ListViewController.m; sourceTree = "<group>"; };
		9F3657091B16B9A200B4CA47 /* DetailViewController.h */ = {isa = PBXFileReference; fileEncoding = 4; lastKnownFileType = sourcecode.c.h; path = DetailViewController.h; sourceTree = "<group>"; };
		9F36570A1B16B9A200B4CA47 /* DetailViewController.m */ = {isa = PBXFileReference; fileEncoding = 4; lastKnownFileType = sourcecode.c.objc; path = DetailViewController.m; sourceTree = "<group>"; };
		9F36570C1B16BBE800B4CA47 /* AdsMarketing.h */ = {isa = PBXFileReference; fileEncoding = 4; lastKnownFileType = sourcecode.c.h; path = AdsMarketing.h; sourceTree = "<group>"; };
		9F36570D1B16BBE800B4CA47 /* AdsMarketing.m */ = {isa = PBXFileReference; fileEncoding = 4; lastKnownFileType = sourcecode.c.objc; path = AdsMarketing.m; sourceTree = "<group>"; };
		9F36570F1B16C7E600B4CA47 /* PerkCategoryVController.h */ = {isa = PBXFileReference; fileEncoding = 4; lastKnownFileType = sourcecode.c.h; path = PerkCategoryVController.h; sourceTree = "<group>"; };
		9F3657101B16C7E600B4CA47 /* PerkCategoryVController.m */ = {isa = PBXFileReference; fileEncoding = 4; lastKnownFileType = sourcecode.c.objc; path = PerkCategoryVController.m; sourceTree = "<group>"; };
		A50CAA081B0E9D78002CF7B8 /* categoryLUTPFObject.h */ = {isa = PBXFileReference; fileEncoding = 4; lastKnownFileType = sourcecode.c.h; path = categoryLUTPFObject.h; sourceTree = "<group>"; };
		A50CAA091B0E9D78002CF7B8 /* categoryLUTPFObject.m */ = {isa = PBXFileReference; fileEncoding = 4; lastKnownFileType = sourcecode.c.objc; path = categoryLUTPFObject.m; sourceTree = "<group>"; };
		A55BCD071B0BFF090005F233 /* libsqlite3.0.dylib */ = {isa = PBXFileReference; lastKnownFileType = "compiled.mach-o.dylib"; name = libsqlite3.0.dylib; path = usr/lib/libsqlite3.0.dylib; sourceTree = SDKROOT; };
		A55BCD091B0BFF6C0005F233 /* Parse.framework */ = {isa = PBXFileReference; lastKnownFileType = wrapper.framework; name = Parse.framework; path = /Library/Frameworks/Parse.framework; sourceTree = "<absolute>"; };
		A55BCD0B1B0BFF830005F233 /* Frameworks */ = {isa = PBXFileReference; lastKnownFileType = folder; name = Frameworks; path = /Library/Frameworks; sourceTree = "<absolute>"; };
		A55BCD0D1B0BFF9D0005F233 /* ParseUI.framework */ = {isa = PBXFileReference; lastKnownFileType = wrapper.framework; name = ParseUI.framework; path = /Library/Frameworks/ParseUI.framework; sourceTree = "<absolute>"; };
		A55BCD0F1B0BFFE10005F233 /* Bolts.framework */ = {isa = PBXFileReference; lastKnownFileType = wrapper.framework; name = Bolts.framework; path = /Library/Frameworks/Bolts.framework; sourceTree = "<absolute>"; };
		A55BCD101B0BFFE10005F233 /* ParseCrashReporting.framework */ = {isa = PBXFileReference; lastKnownFileType = wrapper.framework; name = ParseCrashReporting.framework; path = /Library/Frameworks/ParseCrashReporting.framework; sourceTree = "<absolute>"; };
		A55BCD111B0BFFE10005F233 /* ParseFacebookUtils.framework */ = {isa = PBXFileReference; lastKnownFileType = wrapper.framework; name = ParseFacebookUtils.framework; path = /Library/Frameworks/ParseFacebookUtils.framework; sourceTree = "<absolute>"; };
		A55BCD151B0C001F0005F233 /* Accounts.framework */ = {isa = PBXFileReference; lastKnownFileType = wrapper.framework; name = Accounts.framework; path = System/Library/Frameworks/Accounts.framework; sourceTree = SDKROOT; };
		A55BCD161B0C001F0005F233 /* AdSupport.framework */ = {isa = PBXFileReference; lastKnownFileType = wrapper.framework; name = AdSupport.framework; path = System/Library/Frameworks/AdSupport.framework; sourceTree = SDKROOT; };
		A55BCD171B0C001F0005F233 /* AudioToolbox.framework */ = {isa = PBXFileReference; lastKnownFileType = wrapper.framework; name = AudioToolbox.framework; path = System/Library/Frameworks/AudioToolbox.framework; sourceTree = SDKROOT; };
		A55BCD181B0C001F0005F233 /* CFNetwork.framework */ = {isa = PBXFileReference; lastKnownFileType = wrapper.framework; name = CFNetwork.framework; path = System/Library/Frameworks/CFNetwork.framework; sourceTree = SDKROOT; };
		A55BCD191B0C001F0005F233 /* CoreGraphics.framework */ = {isa = PBXFileReference; lastKnownFileType = wrapper.framework; name = CoreGraphics.framework; path = System/Library/Frameworks/CoreGraphics.framework; sourceTree = SDKROOT; };
		A55BCD1A1B0C001F0005F233 /* CoreLocation.framework */ = {isa = PBXFileReference; lastKnownFileType = wrapper.framework; name = CoreLocation.framework; path = System/Library/Frameworks/CoreLocation.framework; sourceTree = SDKROOT; };
		A55BCD1B1B0C001F0005F233 /* Foundation.framework */ = {isa = PBXFileReference; lastKnownFileType = wrapper.framework; name = Foundation.framework; path = System/Library/Frameworks/Foundation.framework; sourceTree = SDKROOT; };
		A55BCD1C1B0C001F0005F233 /* Social.framework */ = {isa = PBXFileReference; lastKnownFileType = wrapper.framework; name = Social.framework; path = System/Library/Frameworks/Social.framework; sourceTree = SDKROOT; };
		A55BCD251B0C002B0005F233 /* libsqlite3.dylib */ = {isa = PBXFileReference; lastKnownFileType = "compiled.mach-o.dylib"; name = libsqlite3.dylib; path = usr/lib/libsqlite3.dylib; sourceTree = SDKROOT; };
		A55BCD271B0C003B0005F233 /* libz.1.1.3.dylib */ = {isa = PBXFileReference; lastKnownFileType = "compiled.mach-o.dylib"; name = libz.1.1.3.dylib; path = usr/lib/libz.1.1.3.dylib; sourceTree = SDKROOT; };
		A55BCD291B0C00780005F233 /* libstdc++.6.dylib */ = {isa = PBXFileReference; lastKnownFileType = "compiled.mach-o.dylib"; name = "libstdc++.6.dylib"; path = "usr/lib/libstdc++.6.dylib"; sourceTree = SDKROOT; };
		A55BCD2B1B0C00860005F233 /* MobileCoreServices.framework */ = {isa = PBXFileReference; lastKnownFileType = wrapper.framework; name = MobileCoreServices.framework; path = System/Library/Frameworks/MobileCoreServices.framework; sourceTree = SDKROOT; };
		A55BCD2D1B0C008F0005F233 /* QuartzCore.framework */ = {isa = PBXFileReference; lastKnownFileType = wrapper.framework; name = QuartzCore.framework; path = System/Library/Frameworks/QuartzCore.framework; sourceTree = SDKROOT; };
		A55BCD2F1B0C009E0005F233 /* Security.framework */ = {isa = PBXFileReference; lastKnownFileType = wrapper.framework; name = Security.framework; path = System/Library/Frameworks/Security.framework; sourceTree = SDKROOT; };
		A55BCD311B0C00BB0005F233 /* StoreKit.framework */ = {isa = PBXFileReference; lastKnownFileType = wrapper.framework; name = StoreKit.framework; path = System/Library/Frameworks/StoreKit.framework; sourceTree = SDKROOT; };
		A55BCD331B0C00C60005F233 /* SystemConfiguration.framework */ = {isa = PBXFileReference; lastKnownFileType = wrapper.framework; name = SystemConfiguration.framework; path = System/Library/Frameworks/SystemConfiguration.framework; sourceTree = SDKROOT; };
		A55BCD351B0C00D10005F233 /* UIKit.framework */ = {isa = PBXFileReference; lastKnownFileType = wrapper.framework; name = UIKit.framework; path = System/Library/Frameworks/UIKit.framework; sourceTree = SDKROOT; };
		A56224971B0FFA7500C0C06E /* ParksWithPerksQuery.h */ = {isa = PBXFileReference; fileEncoding = 4; lastKnownFileType = sourcecode.c.h; path = ParksWithPerksQuery.h; sourceTree = "<group>"; };
		A56224981B0FFA7500C0C06E /* ParksWithPerksQuery.m */ = {isa = PBXFileReference; fileEncoding = 4; lastKnownFileType = sourcecode.c.objc; path = ParksWithPerksQuery.m; sourceTree = "<group>"; };
		A57737A21B1520A800BAE61C /* murrayPark.gpx */ = {isa = PBXFileReference; fileEncoding = 4; lastKnownFileType = text.xml; name = murrayPark.gpx; path = ../../Downloads/murrayPark.gpx; sourceTree = "<group>"; };
		A591C2C31B0E330300AA92A0 /* Constants.h */ = {isa = PBXFileReference; fileEncoding = 4; lastKnownFileType = sourcecode.c.h; path = Constants.h; sourceTree = "<group>"; };
		A591C2C41B0E330300AA92A0 /* Constants.m */ = {isa = PBXFileReference; fileEncoding = 4; lastKnownFileType = sourcecode.c.objc; path = Constants.m; sourceTree = "<group>"; };
		A591C2C51B0E330300AA92A0 /* ParkPFObject.h */ = {isa = PBXFileReference; fileEncoding = 4; lastKnownFileType = sourcecode.c.h; path = ParkPFObject.h; sourceTree = "<group>"; };
		A591C2C61B0E330300AA92A0 /* ParkPFObject.m */ = {isa = PBXFileReference; fileEncoding = 4; lastKnownFileType = sourcecode.c.objc; path = ParkPFObject.m; sourceTree = "<group>"; };
		A591C2CA1B0E5F2A00AA92A0 /* Foursquare2.h */ = {isa = PBXFileReference; fileEncoding = 4; lastKnownFileType = sourcecode.c.h; name = Foursquare2.h; path = Foursquare2/Foursquare2.h; sourceTree = "<group>"; };
		A591C2CB1B0E5F2A00AA92A0 /* Foursquare2.m */ = {isa = PBXFileReference; fileEncoding = 4; lastKnownFileType = sourcecode.c.objc; name = Foursquare2.m; path = Foursquare2/Foursquare2.m; sourceTree = "<group>"; };
		A591C2CC1B0E5F2A00AA92A0 /* FSKeychain.h */ = {isa = PBXFileReference; fileEncoding = 4; lastKnownFileType = sourcecode.c.h; name = FSKeychain.h; path = Foursquare2/FSKeychain.h; sourceTree = "<group>"; };
		A591C2CD1B0E5F2A00AA92A0 /* FSKeychain.m */ = {isa = PBXFileReference; fileEncoding = 4; lastKnownFileType = sourcecode.c.objc; name = FSKeychain.m; path = Foursquare2/FSKeychain.m; sourceTree = "<group>"; };
		A591C2CE1B0E5F2A00AA92A0 /* FSOAuthNoAppStore.h */ = {isa = PBXFileReference; fileEncoding = 4; lastKnownFileType = sourcecode.c.h; name = FSOAuthNoAppStore.h; path = Foursquare2/FSOAuthNoAppStore.h; sourceTree = "<group>"; };
		A591C2CF1B0E5F2A00AA92A0 /* FSOAuthNoAppStore.m */ = {isa = PBXFileReference; fileEncoding = 4; lastKnownFileType = sourcecode.c.objc; name = FSOAuthNoAppStore.m; path = Foursquare2/FSOAuthNoAppStore.m; sourceTree = "<group>"; };
		A591C2D01B0E5F2A00AA92A0 /* FSOperation.h */ = {isa = PBXFileReference; fileEncoding = 4; lastKnownFileType = sourcecode.c.h; name = FSOperation.h; path = Foursquare2/FSOperation.h; sourceTree = "<group>"; };
		A591C2D11B0E5F2A00AA92A0 /* FSOperation.m */ = {isa = PBXFileReference; fileEncoding = 4; lastKnownFileType = sourcecode.c.objc; name = FSOperation.m; path = Foursquare2/FSOperation.m; sourceTree = "<group>"; };
		A591C2D21B0E5F2A00AA92A0 /* FSWebLogin.h */ = {isa = PBXFileReference; fileEncoding = 4; lastKnownFileType = sourcecode.c.h; name = FSWebLogin.h; path = Foursquare2/FSWebLogin.h; sourceTree = "<group>"; };
		A591C2D31B0E5F2A00AA92A0 /* FSWebLogin.m */ = {isa = PBXFileReference; fileEncoding = 4; lastKnownFileType = sourcecode.c.objc; name = FSWebLogin.m; path = Foursquare2/FSWebLogin.m; sourceTree = "<group>"; };
		A591C2D41B0E5F2A00AA92A0 /* FSWebLogin.xib */ = {isa = PBXFileReference; fileEncoding = 4; lastKnownFileType = file.xib; name = FSWebLogin.xib; path = Foursquare2/FSWebLogin.xib; sourceTree = "<group>"; };
		A591C2DB1B0E62BD00AA92A0 /* Park.h */ = {isa = PBXFileReference; fileEncoding = 4; lastKnownFileType = sourcecode.c.h; path = Park.h; sourceTree = "<group>"; };
		A591C2DC1B0E62BD00AA92A0 /* Park.m */ = {isa = PBXFileReference; fileEncoding = 4; lastKnownFileType = sourcecode.c.objc; path = Park.m; sourceTree = "<group>"; };
		A591C2DE1B0E721F00AA92A0 /* Foursquare_API_Prefix.pch */ = {isa = PBXFileReference; lastKnownFileType = sourcecode.c.h; path = Foursquare_API_Prefix.pch; sourceTree = "<group>"; };
		A59286831B14251100427921 /* CurrentLocation.h */ = {isa = PBXFileReference; fileEncoding = 4; lastKnownFileType = sourcecode.c.h; path = CurrentLocation.h; sourceTree = "<group>"; };
		A59286841B14251100427921 /* CurrentLocation.m */ = {isa = PBXFileReference; fileEncoding = 4; lastKnownFileType = sourcecode.c.objc; path = CurrentLocation.m; sourceTree = "<group>"; };
		A5F104431B14B0C5002B1BA0 /* MapKit.framework */ = {isa = PBXFileReference; lastKnownFileType = wrapper.framework; name = MapKit.framework; path = System/Library/Frameworks/MapKit.framework; sourceTree = SDKROOT; };
/* End PBXFileReference section */

/* Begin PBXFrameworksBuildPhase section */
		067CF4C81B0BE69600F9E879 /* Frameworks */ = {
			isa = PBXFrameworksBuildPhase;
			buildActionMask = 2147483647;
			files = (
				A5F104441B14B0C5002B1BA0 /* MapKit.framework in Frameworks */,
				A55BCD371B0C00E30005F233 /* libsqlite3.0.dylib in Frameworks */,
				A55BCD361B0C00D10005F233 /* UIKit.framework in Frameworks */,
				A55BCD341B0C00C60005F233 /* SystemConfiguration.framework in Frameworks */,
				A55BCD321B0C00BB0005F233 /* StoreKit.framework in Frameworks */,
				A55BCD301B0C009E0005F233 /* Security.framework in Frameworks */,
				A55BCD2E1B0C008F0005F233 /* QuartzCore.framework in Frameworks */,
				A55BCD2C1B0C00860005F233 /* MobileCoreServices.framework in Frameworks */,
				A55BCD2A1B0C00780005F233 /* libstdc++.6.dylib in Frameworks */,
				A55BCD281B0C003B0005F233 /* libz.1.1.3.dylib in Frameworks */,
				A55BCD261B0C002B0005F233 /* libsqlite3.dylib in Frameworks */,
				A55BCD1D1B0C001F0005F233 /* Accounts.framework in Frameworks */,
				A55BCD1E1B0C001F0005F233 /* AdSupport.framework in Frameworks */,
				A55BCD1F1B0C001F0005F233 /* AudioToolbox.framework in Frameworks */,
				A55BCD201B0C001F0005F233 /* CFNetwork.framework in Frameworks */,
				A55BCD211B0C001F0005F233 /* CoreGraphics.framework in Frameworks */,
				A55BCD221B0C001F0005F233 /* CoreLocation.framework in Frameworks */,
				A55BCD231B0C001F0005F233 /* Foundation.framework in Frameworks */,
				A55BCD241B0C001F0005F233 /* Social.framework in Frameworks */,
				A55BCD121B0BFFE10005F233 /* Bolts.framework in Frameworks */,
				A55BCD131B0BFFE10005F233 /* ParseCrashReporting.framework in Frameworks */,
				A55BCD141B0BFFE10005F233 /* ParseFacebookUtils.framework in Frameworks */,
				A55BCD0E1B0BFF9D0005F233 /* ParseUI.framework in Frameworks */,
				A55BCD0A1B0BFF6C0005F233 /* Parse.framework in Frameworks */,
			);
			runOnlyForDeploymentPostprocessing = 0;
		};
		067CF4E11B0BE69600F9E879 /* Frameworks */ = {
			isa = PBXFrameworksBuildPhase;
			buildActionMask = 2147483647;
			files = (
			);
			runOnlyForDeploymentPostprocessing = 0;
		};
/* End PBXFrameworksBuildPhase section */

/* Begin PBXGroup section */
		067CF4C21B0BE69600F9E879 = {
			isa = PBXGroup;
			children = (
				A57737A21B1520A800BAE61C /* murrayPark.gpx */,
				9F3657011B16ADC900B4CA47 /* SkylersNotes.rtf */,
				9F36570F1B16C7E600B4CA47 /* PerkCategoryVController.h */,
				9F3657101B16C7E600B4CA47 /* PerkCategoryVController.m */,
				9F36570C1B16BBE800B4CA47 /* AdsMarketing.h */,
				9F36570D1B16BBE800B4CA47 /* AdsMarketing.m */,
				9F3657091B16B9A200B4CA47 /* DetailViewController.h */,
				9F36570A1B16B9A200B4CA47 /* DetailViewController.m */,
				9F3657061B16B60100B4CA47 /* ListViewController.h */,
				9F3657071B16B60100B4CA47 /* ListViewController.m */,
				9F3657031B16B2C000B4CA47 /* MapsViewController.h */,
				9F3657041B16B2C000B4CA47 /* MapsViewController.m */,
				A591C2C91B0E5E2600AA92A0 /* Foursquare2 */,
				A55BCD381B0C01820005F233 /* Frameworks */,
				067CF4CD1B0BE69600F9E879 /* Park Perks */,
				067CF4E71B0BE69600F9E879 /* Park PerksTests */,
				067CF4CC1B0BE69600F9E879 /* Products */,
			);
			sourceTree = "<group>";
		};
		067CF4CC1B0BE69600F9E879 /* Products */ = {
			isa = PBXGroup;
			children = (
				067CF4CB1B0BE69600F9E879 /* Park Perks.app */,
				067CF4E41B0BE69600F9E879 /* Park PerksTests.xctest */,
			);
			name = Products;
			sourceTree = "<group>";
		};
		067CF4CD1B0BE69600F9E879 /* Park Perks */ = {
			isa = PBXGroup;
			children = (
				A591C2C31B0E330300AA92A0 /* Constants.h */,
				A591C2C41B0E330300AA92A0 /* Constants.m */,
				A591C2C51B0E330300AA92A0 /* ParkPFObject.h */,
				A591C2C61B0E330300AA92A0 /* ParkPFObject.m */,
				A591C2DB1B0E62BD00AA92A0 /* Park.h */,
				A591C2DC1B0E62BD00AA92A0 /* Park.m */,
				067CF4D21B0BE69600F9E879 /* AppDelegate.h */,
				067CF4D31B0BE69600F9E879 /* AppDelegate.m */,
				067CF4D51B0BE69600F9E879 /* ViewController.h */,
				067CF4D61B0BE69600F9E879 /* ViewController.m */,
				A59286831B14251100427921 /* CurrentLocation.h */,
				A59286841B14251100427921 /* CurrentLocation.m */,
				A50CAA081B0E9D78002CF7B8 /* categoryLUTPFObject.h */,
				A50CAA091B0E9D78002CF7B8 /* categoryLUTPFObject.m */,
				A56224971B0FFA7500C0C06E /* ParksWithPerksQuery.h */,
				A56224981B0FFA7500C0C06E /* ParksWithPerksQuery.m */,
				067CF4D81B0BE69600F9E879 /* Main.storyboard */,
				067CF4DB1B0BE69600F9E879 /* Images.xcassets */,
				067CF4DD1B0BE69600F9E879 /* LaunchScreen.xib */,
				067CF4CE1B0BE69600F9E879 /* Supporting Files */,
			);
			path = "Park Perks";
			sourceTree = "<group>";
		};
		067CF4CE1B0BE69600F9E879 /* Supporting Files */ = {
			isa = PBXGroup;
			children = (
				067CF4CF1B0BE69600F9E879 /* Info.plist */,
				067CF4D01B0BE69600F9E879 /* main.m */,
			);
			name = "Supporting Files";
			sourceTree = "<group>";
		};
		067CF4E71B0BE69600F9E879 /* Park PerksTests */ = {
			isa = PBXGroup;
			children = (
				067CF4EA1B0BE69600F9E879 /* Park_PerksTests.m */,
				067CF4E81B0BE69600F9E879 /* Supporting Files */,
			);
			path = "Park PerksTests";
			sourceTree = "<group>";
		};
		067CF4E81B0BE69600F9E879 /* Supporting Files */ = {
			isa = PBXGroup;
			children = (
				067CF4E91B0BE69600F9E879 /* Info.plist */,
			);
			name = "Supporting Files";
			sourceTree = "<group>";
		};
		A55BCD381B0C01820005F233 /* Frameworks */ = {
			isa = PBXGroup;
			children = (
				A5F104431B14B0C5002B1BA0 /* MapKit.framework */,
				A55BCD071B0BFF090005F233 /* libsqlite3.0.dylib */,
				A55BCD0B1B0BFF830005F233 /* Frameworks */,
				A55BCD351B0C00D10005F233 /* UIKit.framework */,
				A55BCD331B0C00C60005F233 /* SystemConfiguration.framework */,
				A55BCD311B0C00BB0005F233 /* StoreKit.framework */,
				A55BCD2F1B0C009E0005F233 /* Security.framework */,
				A55BCD2D1B0C008F0005F233 /* QuartzCore.framework */,
				A55BCD2B1B0C00860005F233 /* MobileCoreServices.framework */,
				A55BCD291B0C00780005F233 /* libstdc++.6.dylib */,
				A55BCD271B0C003B0005F233 /* libz.1.1.3.dylib */,
				A55BCD251B0C002B0005F233 /* libsqlite3.dylib */,
				A55BCD151B0C001F0005F233 /* Accounts.framework */,
				A55BCD161B0C001F0005F233 /* AdSupport.framework */,
				A55BCD171B0C001F0005F233 /* AudioToolbox.framework */,
				A55BCD181B0C001F0005F233 /* CFNetwork.framework */,
				A55BCD191B0C001F0005F233 /* CoreGraphics.framework */,
				A55BCD1A1B0C001F0005F233 /* CoreLocation.framework */,
				A55BCD1B1B0C001F0005F233 /* Foundation.framework */,
				A55BCD1C1B0C001F0005F233 /* Social.framework */,
				A55BCD0F1B0BFFE10005F233 /* Bolts.framework */,
				A55BCD101B0BFFE10005F233 /* ParseCrashReporting.framework */,
				A55BCD111B0BFFE10005F233 /* ParseFacebookUtils.framework */,
				A55BCD0D1B0BFF9D0005F233 /* ParseUI.framework */,
				A55BCD091B0BFF6C0005F233 /* Parse.framework */,
			);
			name = Frameworks;
			sourceTree = "<group>";
		};
		A591C2C91B0E5E2600AA92A0 /* Foursquare2 */ = {
			isa = PBXGroup;
			children = (
				A591C2DE1B0E721F00AA92A0 /* Foursquare_API_Prefix.pch */,
				A591C2CA1B0E5F2A00AA92A0 /* Foursquare2.h */,
				A591C2CB1B0E5F2A00AA92A0 /* Foursquare2.m */,
				A591C2CC1B0E5F2A00AA92A0 /* FSKeychain.h */,
				A591C2CD1B0E5F2A00AA92A0 /* FSKeychain.m */,
				A591C2CE1B0E5F2A00AA92A0 /* FSOAuthNoAppStore.h */,
				A591C2CF1B0E5F2A00AA92A0 /* FSOAuthNoAppStore.m */,
				A591C2D01B0E5F2A00AA92A0 /* FSOperation.h */,
				A591C2D11B0E5F2A00AA92A0 /* FSOperation.m */,
				A591C2D21B0E5F2A00AA92A0 /* FSWebLogin.h */,
				A591C2D31B0E5F2A00AA92A0 /* FSWebLogin.m */,
				A591C2D41B0E5F2A00AA92A0 /* FSWebLogin.xib */,
			);
			name = Foursquare2;
			sourceTree = "<group>";
		};
/* End PBXGroup section */

/* Begin PBXNativeTarget section */
		067CF4CA1B0BE69600F9E879 /* Park Perks */ = {
			isa = PBXNativeTarget;
			buildConfigurationList = 067CF4EE1B0BE69600F9E879 /* Build configuration list for PBXNativeTarget "Park Perks" */;
			buildPhases = (
				067CF4C71B0BE69600F9E879 /* Sources */,
				067CF4C81B0BE69600F9E879 /* Frameworks */,
				067CF4C91B0BE69600F9E879 /* Resources */,
			);
			buildRules = (
			);
			dependencies = (
			);
			name = "Park Perks";
			productName = "Park Perks";
			productReference = 067CF4CB1B0BE69600F9E879 /* Park Perks.app */;
			productType = "com.apple.product-type.application";
		};
		067CF4E31B0BE69600F9E879 /* Park PerksTests */ = {
			isa = PBXNativeTarget;
			buildConfigurationList = 067CF4F11B0BE69600F9E879 /* Build configuration list for PBXNativeTarget "Park PerksTests" */;
			buildPhases = (
				067CF4E01B0BE69600F9E879 /* Sources */,
				067CF4E11B0BE69600F9E879 /* Frameworks */,
				067CF4E21B0BE69600F9E879 /* Resources */,
			);
			buildRules = (
			);
			dependencies = (
				067CF4E61B0BE69600F9E879 /* PBXTargetDependency */,
			);
			name = "Park PerksTests";
			productName = "Park PerksTests";
			productReference = 067CF4E41B0BE69600F9E879 /* Park PerksTests.xctest */;
			productType = "com.apple.product-type.bundle.unit-test";
		};
/* End PBXNativeTarget section */

/* Begin PBXProject section */
		067CF4C31B0BE69600F9E879 /* Project object */ = {
			isa = PBXProject;
			attributes = {
				LastUpgradeCheck = 0630;
				ORGANIZATIONNAME = "Skyler Clark";
				TargetAttributes = {
					067CF4CA1B0BE69600F9E879 = {
						CreatedOnToolsVersion = 6.3.1;
						DevelopmentTeam = KR64YVZD26;
					};
					067CF4E31B0BE69600F9E879 = {
						CreatedOnToolsVersion = 6.3.1;
						TestTargetID = 067CF4CA1B0BE69600F9E879;
					};
				};
			};
			buildConfigurationList = 067CF4C61B0BE69600F9E879 /* Build configuration list for PBXProject "Park Perks" */;
			compatibilityVersion = "Xcode 3.2";
			developmentRegion = English;
			hasScannedForEncodings = 0;
			knownRegions = (
				en,
				Base,
			);
			mainGroup = 067CF4C21B0BE69600F9E879;
			productRefGroup = 067CF4CC1B0BE69600F9E879 /* Products */;
			projectDirPath = "";
			projectRoot = "";
			targets = (
				067CF4CA1B0BE69600F9E879 /* Park Perks */,
				067CF4E31B0BE69600F9E879 /* Park PerksTests */,
			);
		};
/* End PBXProject section */

/* Begin PBXResourcesBuildPhase section */
		067CF4C91B0BE69600F9E879 /* Resources */ = {
			isa = PBXResourcesBuildPhase;
			buildActionMask = 2147483647;
			files = (
				9F3657021B16ADC900B4CA47 /* SkylersNotes.rtf in Resources */,
				067CF4DA1B0BE69600F9E879 /* Main.storyboard in Resources */,
				A57737A31B1520A800BAE61C /* murrayPark.gpx in Resources */,
				067CF4DF1B0BE69600F9E879 /* LaunchScreen.xib in Resources */,
				067CF4DC1B0BE69600F9E879 /* Images.xcassets in Resources */,
				A591C2DA1B0E5F2A00AA92A0 /* FSWebLogin.xib in Resources */,
			);
			runOnlyForDeploymentPostprocessing = 0;
		};
		067CF4E21B0BE69600F9E879 /* Resources */ = {
			isa = PBXResourcesBuildPhase;
			buildActionMask = 2147483647;
			files = (
			);
			runOnlyForDeploymentPostprocessing = 0;
		};
/* End PBXResourcesBuildPhase section */

/* Begin PBXSourcesBuildPhase section */
		067CF4C71B0BE69600F9E879 /* Sources */ = {
			isa = PBXSourcesBuildPhase;
			buildActionMask = 2147483647;
			files = (
				A591C2D81B0E5F2A00AA92A0 /* FSOperation.m in Sources */,
				A591C2C81B0E330300AA92A0 /* ParkPFObject.m in Sources */,
				9F36570B1B16B9A200B4CA47 /* DetailViewController.m in Sources */,
				067CF4D71B0BE69600F9E879 /* ViewController.m in Sources */,
				067CF4D41B0BE69600F9E879 /* AppDelegate.m in Sources */,
				A591C2D71B0E5F2A00AA92A0 /* FSOAuthNoAppStore.m in Sources */,
				A56224991B0FFA7500C0C06E /* ParksWithPerksQuery.m in Sources */,
				A591C2DD1B0E62BD00AA92A0 /* Park.m in Sources */,
				A591C2D51B0E5F2A00AA92A0 /* Foursquare2.m in Sources */,
				9F3657051B16B2C000B4CA47 /* MapsViewController.m in Sources */,
				A50CAA0A1B0E9D78002CF7B8 /* categoryLUTPFObject.m in Sources */,
				9F3657081B16B60100B4CA47 /* ListViewController.m in Sources */,
				067CF4D11B0BE69600F9E879 /* main.m in Sources */,
				A59286851B14251100427921 /* CurrentLocation.m in Sources */,
				A591C2D91B0E5F2A00AA92A0 /* FSWebLogin.m in Sources */,
				9F36570E1B16BBE800B4CA47 /* AdsMarketing.m in Sources */,
				A591C2C71B0E330300AA92A0 /* Constants.m in Sources */,
				A591C2D61B0E5F2A00AA92A0 /* FSKeychain.m in Sources */,
				9F3657111B16C7E600B4CA47 /* PerkCategoryVController.m in Sources */,
			);
			runOnlyForDeploymentPostprocessing = 0;
		};
		067CF4E01B0BE69600F9E879 /* Sources */ = {
			isa = PBXSourcesBuildPhase;
			buildActionMask = 2147483647;
			files = (
				067CF4EB1B0BE69600F9E879 /* Park_PerksTests.m in Sources */,
			);
			runOnlyForDeploymentPostprocessing = 0;
		};
/* End PBXSourcesBuildPhase section */

/* Begin PBXTargetDependency section */
		067CF4E61B0BE69600F9E879 /* PBXTargetDependency */ = {
			isa = PBXTargetDependency;
			target = 067CF4CA1B0BE69600F9E879 /* Park Perks */;
			targetProxy = 067CF4E51B0BE69600F9E879 /* PBXContainerItemProxy */;
		};
/* End PBXTargetDependency section */

/* Begin PBXVariantGroup section */
		067CF4D81B0BE69600F9E879 /* Main.storyboard */ = {
			isa = PBXVariantGroup;
			children = (
				067CF4D91B0BE69600F9E879 /* Base */,
			);
			name = Main.storyboard;
			sourceTree = "<group>";
		};
		067CF4DD1B0BE69600F9E879 /* LaunchScreen.xib */ = {
			isa = PBXVariantGroup;
			children = (
				067CF4DE1B0BE69600F9E879 /* Base */,
			);
			name = LaunchScreen.xib;
			sourceTree = "<group>";
		};
/* End PBXVariantGroup section */

/* Begin XCBuildConfiguration section */
		067CF4EC1B0BE69600F9E879 /* Debug */ = {
			isa = XCBuildConfiguration;
			buildSettings = {
				ALWAYS_SEARCH_USER_PATHS = NO;
				CLANG_CXX_LANGUAGE_STANDARD = "gnu++0x";
				CLANG_CXX_LIBRARY = "libc++";
				CLANG_ENABLE_MODULES = YES;
				CLANG_ENABLE_OBJC_ARC = YES;
				CLANG_WARN_BOOL_CONVERSION = YES;
				CLANG_WARN_CONSTANT_CONVERSION = YES;
				CLANG_WARN_DIRECT_OBJC_ISA_USAGE = YES_ERROR;
				CLANG_WARN_EMPTY_BODY = YES;
				CLANG_WARN_ENUM_CONVERSION = YES;
				CLANG_WARN_INT_CONVERSION = YES;
				CLANG_WARN_OBJC_ROOT_CLASS = YES_ERROR;
				CLANG_WARN_UNREACHABLE_CODE = YES;
				CLANG_WARN__DUPLICATE_METHOD_MATCH = YES;
				"CODE_SIGN_IDENTITY[sdk=iphoneos*]" = "iPhone Developer";
				COPY_PHASE_STRIP = NO;
				DEBUG_INFORMATION_FORMAT = "dwarf-with-dsym";
				ENABLE_STRICT_OBJC_MSGSEND = YES;
				GCC_C_LANGUAGE_STANDARD = gnu99;
				GCC_DYNAMIC_NO_PIC = NO;
				GCC_NO_COMMON_BLOCKS = YES;
				GCC_OPTIMIZATION_LEVEL = 0;
				GCC_PREPROCESSOR_DEFINITIONS = (
					"DEBUG=1",
					"$(inherited)",
				);
				GCC_SYMBOLS_PRIVATE_EXTERN = NO;
				GCC_WARN_64_TO_32_BIT_CONVERSION = YES;
				GCC_WARN_ABOUT_RETURN_TYPE = YES_ERROR;
				GCC_WARN_UNDECLARED_SELECTOR = YES;
				GCC_WARN_UNINITIALIZED_AUTOS = YES_AGGRESSIVE;
				GCC_WARN_UNUSED_FUNCTION = YES;
				GCC_WARN_UNUSED_VARIABLE = YES;
				IPHONEOS_DEPLOYMENT_TARGET = 8.3;
				MTL_ENABLE_DEBUG_INFO = YES;
				ONLY_ACTIVE_ARCH = YES;
				SDKROOT = iphoneos;
				TARGETED_DEVICE_FAMILY = "1,2";
			};
			name = Debug;
		};
		067CF4ED1B0BE69600F9E879 /* Release */ = {
			isa = XCBuildConfiguration;
			buildSettings = {
				ALWAYS_SEARCH_USER_PATHS = NO;
				CLANG_CXX_LANGUAGE_STANDARD = "gnu++0x";
				CLANG_CXX_LIBRARY = "libc++";
				CLANG_ENABLE_MODULES = YES;
				CLANG_ENABLE_OBJC_ARC = YES;
				CLANG_WARN_BOOL_CONVERSION = YES;
				CLANG_WARN_CONSTANT_CONVERSION = YES;
				CLANG_WARN_DIRECT_OBJC_ISA_USAGE = YES_ERROR;
				CLANG_WARN_EMPTY_BODY = YES;
				CLANG_WARN_ENUM_CONVERSION = YES;
				CLANG_WARN_INT_CONVERSION = YES;
				CLANG_WARN_OBJC_ROOT_CLASS = YES_ERROR;
				CLANG_WARN_UNREACHABLE_CODE = YES;
				CLANG_WARN__DUPLICATE_METHOD_MATCH = YES;
				"CODE_SIGN_IDENTITY[sdk=iphoneos*]" = "iPhone Developer";
				COPY_PHASE_STRIP = NO;
				DEBUG_INFORMATION_FORMAT = "dwarf-with-dsym";
				ENABLE_NS_ASSERTIONS = NO;
				ENABLE_STRICT_OBJC_MSGSEND = YES;
				GCC_C_LANGUAGE_STANDARD = gnu99;
				GCC_NO_COMMON_BLOCKS = YES;
				GCC_WARN_64_TO_32_BIT_CONVERSION = YES;
				GCC_WARN_ABOUT_RETURN_TYPE = YES_ERROR;
				GCC_WARN_UNDECLARED_SELECTOR = YES;
				GCC_WARN_UNINITIALIZED_AUTOS = YES_AGGRESSIVE;
				GCC_WARN_UNUSED_FUNCTION = YES;
				GCC_WARN_UNUSED_VARIABLE = YES;
				IPHONEOS_DEPLOYMENT_TARGET = 8.3;
				MTL_ENABLE_DEBUG_INFO = NO;
				SDKROOT = iphoneos;
				TARGETED_DEVICE_FAMILY = "1,2";
				VALIDATE_PRODUCT = YES;
			};
			name = Release;
		};
		067CF4EF1B0BE69600F9E879 /* Debug */ = {
			isa = XCBuildConfiguration;
			buildSettings = {
				ASSETCATALOG_COMPILER_APPICON_NAME = AppIcon;
				CODE_SIGN_IDENTITY = "iPhone Developer";
				FRAMEWORK_SEARCH_PATHS = (
					"$(inherited)",
					"$(LOCAL_LIBRARY_DIR)/Frameworks",
				);
				GCC_PRECOMPILE_PREFIX_HEADER = YES;
				GCC_PREFIX_HEADER = Foursquare_API_Prefix.pch;
				INFOPLIST_FILE = "Park Perks/Info.plist";
				LD_RUNPATH_SEARCH_PATHS = "$(inherited) @executable_path/Frameworks";
				PRODUCT_NAME = "$(TARGET_NAME)";
			};
			name = Debug;
		};
		067CF4F01B0BE69600F9E879 /* Release */ = {
			isa = XCBuildConfiguration;
			buildSettings = {
				ASSETCATALOG_COMPILER_APPICON_NAME = AppIcon;
				CODE_SIGN_IDENTITY = "iPhone Developer";
				FRAMEWORK_SEARCH_PATHS = (
					"$(inherited)",
					"$(LOCAL_LIBRARY_DIR)/Frameworks",
				);
				GCC_PRECOMPILE_PREFIX_HEADER = YES;
				GCC_PREFIX_HEADER = Foursquare_API_Prefix.pch;
				INFOPLIST_FILE = "Park Perks/Info.plist";
				LD_RUNPATH_SEARCH_PATHS = "$(inherited) @executable_path/Frameworks";
				PRODUCT_NAME = "$(TARGET_NAME)";
			};
			name = Release;
		};
		067CF4F21B0BE69600F9E879 /* Debug */ = {
			isa = XCBuildConfiguration;
			buildSettings = {
				BUNDLE_LOADER = "$(TEST_HOST)";
				FRAMEWORK_SEARCH_PATHS = (
					"$(SDKROOT)/Developer/Library/Frameworks",
					"$(inherited)",
				);
				GCC_PREPROCESSOR_DEFINITIONS = (
					"DEBUG=1",
					"$(inherited)",
				);
				INFOPLIST_FILE = "Park PerksTests/Info.plist";
				LD_RUNPATH_SEARCH_PATHS = "$(inherited) @executable_path/Frameworks @loader_path/Frameworks";
				PRODUCT_NAME = "$(TARGET_NAME)";
				TEST_HOST = "$(BUILT_PRODUCTS_DIR)/Park Perks.app/Park Perks";
			};
			name = Debug;
		};
		067CF4F31B0BE69600F9E879 /* Release */ = {
			isa = XCBuildConfiguration;
			buildSettings = {
				BUNDLE_LOADER = "$(TEST_HOST)";
				FRAMEWORK_SEARCH_PATHS = (
					"$(SDKROOT)/Developer/Library/Frameworks",
					"$(inherited)",
				);
				INFOPLIST_FILE = "Park PerksTests/Info.plist";
				LD_RUNPATH_SEARCH_PATHS = "$(inherited) @executable_path/Frameworks @loader_path/Frameworks";
				PRODUCT_NAME = "$(TARGET_NAME)";
				TEST_HOST = "$(BUILT_PRODUCTS_DIR)/Park Perks.app/Park Perks";
			};
			name = Release;
		};
/* End XCBuildConfiguration section */

/* Begin XCConfigurationList section */
		067CF4C61B0BE69600F9E879 /* Build configuration list for PBXProject "Park Perks" */ = {
			isa = XCConfigurationList;
			buildConfigurations = (
				067CF4EC1B0BE69600F9E879 /* Debug */,
				067CF4ED1B0BE69600F9E879 /* Release */,
			);
			defaultConfigurationIsVisible = 0;
			defaultConfigurationName = Release;
		};
		067CF4EE1B0BE69600F9E879 /* Build configuration list for PBXNativeTarget "Park Perks" */ = {
			isa = XCConfigurationList;
			buildConfigurations = (
				067CF4EF1B0BE69600F9E879 /* Debug */,
				067CF4F01B0BE69600F9E879 /* Release */,
			);
			defaultConfigurationIsVisible = 0;
			defaultConfigurationName = Release;
		};
		067CF4F11B0BE69600F9E879 /* Build configuration list for PBXNativeTarget "Park PerksTests" */ = {
			isa = XCConfigurationList;
			buildConfigurations = (
				067CF4F21B0BE69600F9E879 /* Debug */,
				067CF4F31B0BE69600F9E879 /* Release */,
			);
			defaultConfigurationIsVisible = 0;
			defaultConfigurationName = Release;
		};
/* End XCConfigurationList section */
	};
	rootObject = 067CF4C31B0BE69600F9E879 /* Project object */;
}
